
Microsoft Visual Studio Solution File, Format Version 12.00
# Visual Studio 15
VisualStudioVersion = 15.0.28307.1022
MinimumVisualStudioVersion = 10.0.40219.1
Project("{FAE04EC0-301F-11D3-BF4B-00C04F79EFBC}") = "EmployeeService", "EmployeeService\EmployeeService.csproj", "{75BDE650-C4C9-4AA5-9DC4-D64A5AD6475B}"
EndProject
Project("{FAE04EC0-301F-11D3-BF4B-00C04F79EFBC}") = "EmployeeDataAccess", "EmployeeDataAccess\EmployeeDataAccess.csproj", "{0C291A09-E52B-46AB-9F72-3BE66296A14F}"
EndProject
Global
	GlobalSection(SolutionConfigurationPlatforms) = preSolution
		Debug|Any CPU = Debug|Any CPU
		Release|Any CPU = Release|Any CPU
	EndGlobalSection
	GlobalSection(ProjectConfigurationPlatforms) = postSolution
		{75BDE650-C4C9-4AA5-9DC4-D64A5AD6475B}.Debug|Any CPU.ActiveCfg = Debug|Any CPU
		{75BDE650-C4C9-4AA5-9DC4-D64A5AD6475B}.Debug|Any CPU.Build.0 = Debug|Any CPU
		{75BDE650-C4C9-4AA5-9DC4-D64A5AD6475B}.Release|Any CPU.ActiveCfg = Release|Any CPU
		{75BDE650-C4C9-4AA5-9DC4-D64A5AD6475B}.Release|Any CPU.Build.0 = Release|Any CPU
		{0C291A09-E52B-46AB-9F72-3BE66296A14F}.Debug|Any CPU.ActiveCfg = Debug|Any CPU
		{0C291A09-E52B-46AB-9F72-3BE66296A14F}.Debug|Any CPU.Build.0 = Debug|Any CPU
		{0C291A09-E52B-46AB-9F72-3BE66296A14F}.Release|Any CPU.ActiveCfg = Release|Any CPU
		{0C291A09-E52B-46AB-9F72-3BE66296A14F}.Release|Any CPU.Build.0 = Release|Any CPU
	EndGlobalSection
	GlobalSection(SolutionProperties) = preSolution
		HideSolutionNode = FALSE
	EndGlobalSection
	GlobalSection(ExtensibilityGlobals) = postSolution
		SolutionGuid = {4445D009-D704-49B6-A29D-B8A95944D4FA}
	EndGlobalSection
EndGlobal
